// !$*UTF8*$!
{
	archiveVersion = 1;
	classes = {
	};
	objectVersion = 60;
	objects = {

/* Begin PBXBuildFile section */
		4B7556472C29D5A500BAE143 /* MeshGradientEditor.swift in Sources */ = {isa = PBXBuildFile; fileRef = 4B76DD512C29B942000D9C9B /* MeshGradientEditor.swift */; };
		4B75564B2C29D62400BAE143 /* SwiftUISupport in Frameworks */ = {isa = PBXBuildFile; productRef = 4B75564A2C29D62400BAE143 /* SwiftUISupport */; };
		4B76DD282C29B931000D9C9B /* swiftui_mesh_gradient_editorApp.swift in Sources */ = {isa = PBXBuildFile; fileRef = 4B76DD272C29B931000D9C9B /* swiftui_mesh_gradient_editorApp.swift */; };
		4B76DD2A2C29B931000D9C9B /* ContentView.swift in Sources */ = {isa = PBXBuildFile; fileRef = 4B76DD292C29B931000D9C9B /* ContentView.swift */; };
		4B76DD2C2C29B933000D9C9B /* Assets.xcassets in Resources */ = {isa = PBXBuildFile; fileRef = 4B76DD2B2C29B933000D9C9B /* Assets.xcassets */; };
		4B76DD2F2C29B933000D9C9B /* Preview Assets.xcassets in Resources */ = {isa = PBXBuildFile; fileRef = 4B76DD2E2C29B933000D9C9B /* Preview Assets.xcassets */; };
		4B76DD392C29B933000D9C9B /* swiftui_mesh_gradient_editorTests.swift in Sources */ = {isa = PBXBuildFile; fileRef = 4B76DD382C29B933000D9C9B /* swiftui_mesh_gradient_editorTests.swift */; };
		4B76DD432C29B933000D9C9B /* swiftui_mesh_gradient_editorUITests.swift in Sources */ = {isa = PBXBuildFile; fileRef = 4B76DD422C29B933000D9C9B /* swiftui_mesh_gradient_editorUITests.swift */; };
		4B76DD452C29B933000D9C9B /* swiftui_mesh_gradient_editorUITestsLaunchTests.swift in Sources */ = {isa = PBXBuildFile; fileRef = 4B76DD442C29B933000D9C9B /* swiftui_mesh_gradient_editorUITestsLaunchTests.swift */; };
/* End PBXBuildFile section */

/* Begin PBXContainerItemProxy section */
		4B76DD352C29B933000D9C9B /* PBXContainerItemProxy */ = {
			isa = PBXContainerItemProxy;
			containerPortal = 4B76DD1C2C29B931000D9C9B /* Project object */;
			proxyType = 1;
			remoteGlobalIDString = 4B76DD232C29B931000D9C9B;
			remoteInfo = "swiftui-mesh-gradient-editor";
		};
		4B76DD3F2C29B933000D9C9B /* PBXContainerItemProxy */ = {
			isa = PBXContainerItemProxy;
			containerPortal = 4B76DD1C2C29B931000D9C9B /* Project object */;
			proxyType = 1;
			remoteGlobalIDString = 4B76DD232C29B931000D9C9B;
			remoteInfo = "swiftui-mesh-gradient-editor";
		};
/* End PBXContainerItemProxy section */

/* Begin PBXFileReference section */
		4B76DD242C29B931000D9C9B /* swiftui-mesh-gradient-editor.app */ = {isa = PBXFileReference; explicitFileType = wrapper.application; includeInIndex = 0; path = "swiftui-mesh-gradient-editor.app"; sourceTree = BUILT_PRODUCTS_DIR; };
		4B76DD272C29B931000D9C9B /* swiftui_mesh_gradient_editorApp.swift */ = {isa = PBXFileReference; lastKnownFileType = sourcecode.swift; path = swiftui_mesh_gradient_editorApp.swift; sourceTree = "<group>"; };
		4B76DD292C29B931000D9C9B /* ContentView.swift */ = {isa = PBXFileReference; lastKnownFileType = sourcecode.swift; path = ContentView.swift; sourceTree = "<group>"; };
		4B76DD2B2C29B933000D9C9B /* Assets.xcassets */ = {isa = PBXFileReference; lastKnownFileType = folder.assetcatalog; path = Assets.xcassets; sourceTree = "<group>"; };
		4B76DD2E2C29B933000D9C9B /* Preview Assets.xcassets */ = {isa = PBXFileReference; lastKnownFileType = folder.assetcatalog; path = "Preview Assets.xcassets"; sourceTree = "<group>"; };
		4B76DD342C29B933000D9C9B /* swiftui-mesh-gradient-editorTests.xctest */ = {isa = PBXFileReference; explicitFileType = wrapper.cfbundle; includeInIndex = 0; path = "swiftui-mesh-gradient-editorTests.xctest"; sourceTree = BUILT_PRODUCTS_DIR; };
		4B76DD382C29B933000D9C9B /* swiftui_mesh_gradient_editorTests.swift */ = {isa = PBXFileReference; lastKnownFileType = sourcecode.swift; path = swiftui_mesh_gradient_editorTests.swift; sourceTree = "<group>"; };
		4B76DD3E2C29B933000D9C9B /* swiftui-mesh-gradient-editorUITests.xctest */ = {isa = PBXFileReference; explicitFileType = wrapper.cfbundle; includeInIndex = 0; path = "swiftui-mesh-gradient-editorUITests.xctest"; sourceTree = BUILT_PRODUCTS_DIR; };
		4B76DD422C29B933000D9C9B /* swiftui_mesh_gradient_editorUITests.swift */ = {isa = PBXFileReference; lastKnownFileType = sourcecode.swift; path = swiftui_mesh_gradient_editorUITests.swift; sourceTree = "<group>"; };
		4B76DD442C29B933000D9C9B /* swiftui_mesh_gradient_editorUITestsLaunchTests.swift */ = {isa = PBXFileReference; lastKnownFileType = sourcecode.swift; path = swiftui_mesh_gradient_editorUITestsLaunchTests.swift; sourceTree = "<group>"; };
		4B76DD512C29B942000D9C9B /* MeshGradientEditor.swift */ = {isa = PBXFileReference; lastKnownFileType = sourcecode.swift; path = MeshGradientEditor.swift; sourceTree = "<group>"; };
/* End PBXFileReference section */

/* Begin PBXFrameworksBuildPhase section */
		4B76DD212C29B931000D9C9B /* Frameworks */ = {
			isa = PBXFrameworksBuildPhase;
			buildActionMask = 2147483647;
			files = (
				4B75564B2C29D62400BAE143 /* SwiftUISupport in Frameworks */,
			);
			runOnlyForDeploymentPostprocessing = 0;
		};
		4B76DD312C29B933000D9C9B /* Frameworks */ = {
			isa = PBXFrameworksBuildPhase;
			buildActionMask = 2147483647;
			files = (
			);
			runOnlyForDeploymentPostprocessing = 0;
		};
		4B76DD3B2C29B933000D9C9B /* Frameworks */ = {
			isa = PBXFrameworksBuildPhase;
			buildActionMask = 2147483647;
			files = (
			);
			runOnlyForDeploymentPostprocessing = 0;
		};
/* End PBXFrameworksBuildPhase section */

/* Begin PBXGroup section */
		4B7556492C29D62400BAE143 /* Frameworks */ = {
			isa = PBXGroup;
			children = (
			);
			name = Frameworks;
			sourceTree = "<group>";
		};
		4B76DD1B2C29B931000D9C9B = {
			isa = PBXGroup;
			children = (
				4B76DD262C29B931000D9C9B /* swiftui-mesh-gradient-editor */,
				4B76DD372C29B933000D9C9B /* swiftui-mesh-gradient-editorTests */,
				4B76DD412C29B933000D9C9B /* swiftui-mesh-gradient-editorUITests */,
				4B76DD252C29B931000D9C9B /* Products */,
				4B7556492C29D62400BAE143 /* Frameworks */,
			);
			sourceTree = "<group>";
		};
		4B76DD252C29B931000D9C9B /* Products */ = {
			isa = PBXGroup;
			children = (
				4B76DD242C29B931000D9C9B /* swiftui-mesh-gradient-editor.app */,
				4B76DD342C29B933000D9C9B /* swiftui-mesh-gradient-editorTests.xctest */,
				4B76DD3E2C29B933000D9C9B /* swiftui-mesh-gradient-editorUITests.xctest */,
			);
			name = Products;
			sourceTree = "<group>";
		};
		4B76DD262C29B931000D9C9B /* swiftui-mesh-gradient-editor */ = {
			isa = PBXGroup;
			children = (
				4B76DD512C29B942000D9C9B /* MeshGradientEditor.swift */,
				4B76DD272C29B931000D9C9B /* swiftui_mesh_gradient_editorApp.swift */,
				4B76DD292C29B931000D9C9B /* ContentView.swift */,
				4B76DD2B2C29B933000D9C9B /* Assets.xcassets */,
				4B76DD2D2C29B933000D9C9B /* Preview Content */,
			);
			path = "swiftui-mesh-gradient-editor";
			sourceTree = "<group>";
		};
		4B76DD2D2C29B933000D9C9B /* Preview Content */ = {
			isa = PBXGroup;
			children = (
				4B76DD2E2C29B933000D9C9B /* Preview Assets.xcassets */,
			);
			path = "Preview Content";
			sourceTree = "<group>";
		};
		4B76DD372C29B933000D9C9B /* swiftui-mesh-gradient-editorTests */ = {
			isa = PBXGroup;
			children = (
				4B76DD382C29B933000D9C9B /* swiftui_mesh_gradient_editorTests.swift */,
			);
			path = "swiftui-mesh-gradient-editorTests";
			sourceTree = "<group>";
		};
		4B76DD412C29B933000D9C9B /* swiftui-mesh-gradient-editorUITests */ = {
			isa = PBXGroup;
			children = (
				4B76DD422C29B933000D9C9B /* swiftui_mesh_gradient_editorUITests.swift */,
				4B76DD442C29B933000D9C9B /* swiftui_mesh_gradient_editorUITestsLaunchTests.swift */,
			);
			path = "swiftui-mesh-gradient-editorUITests";
			sourceTree = "<group>";
		};
/* End PBXGroup section */

/* Begin PBXNativeTarget section */
		4B76DD232C29B931000D9C9B /* swiftui-mesh-gradient-editor */ = {
			isa = PBXNativeTarget;
			buildConfigurationList = 4B76DD482C29B933000D9C9B /* Build configuration list for PBXNativeTarget "swiftui-mesh-gradient-editor" */;
			buildPhases = (
				4B76DD202C29B931000D9C9B /* Sources */,
				4B76DD212C29B931000D9C9B /* Frameworks */,
				4B76DD222C29B931000D9C9B /* Resources */,
			);
			buildRules = (
			);
			dependencies = (
			);
			name = "swiftui-mesh-gradient-editor";
			packageProductDependencies = (
				4B75564A2C29D62400BAE143 /* SwiftUISupport */,
			);
			productName = "swiftui-mesh-gradient-editor";
			productReference = 4B76DD242C29B931000D9C9B /* swiftui-mesh-gradient-editor.app */;
			productType = "com.apple.product-type.application";
		};
		4B76DD332C29B933000D9C9B /* swiftui-mesh-gradient-editorTests */ = {
			isa = PBXNativeTarget;
			buildConfigurationList = 4B76DD4B2C29B933000D9C9B /* Build configuration list for PBXNativeTarget "swiftui-mesh-gradient-editorTests" */;
			buildPhases = (
				4B76DD302C29B933000D9C9B /* Sources */,
				4B76DD312C29B933000D9C9B /* Frameworks */,
				4B76DD322C29B933000D9C9B /* Resources */,
			);
			buildRules = (
			);
			dependencies = (
				4B76DD362C29B933000D9C9B /* PBXTargetDependency */,
			);
			name = "swiftui-mesh-gradient-editorTests";
			productName = "swiftui-mesh-gradient-editorTests";
			productReference = 4B76DD342C29B933000D9C9B /* swiftui-mesh-gradient-editorTests.xctest */;
			productType = "com.apple.product-type.bundle.unit-test";
		};
		4B76DD3D2C29B933000D9C9B /* swiftui-mesh-gradient-editorUITests */ = {
			isa = PBXNativeTarget;
			buildConfigurationList = 4B76DD4E2C29B933000D9C9B /* Build configuration list for PBXNativeTarget "swiftui-mesh-gradient-editorUITests" */;
			buildPhases = (
				4B76DD3A2C29B933000D9C9B /* Sources */,
				4B76DD3B2C29B933000D9C9B /* Frameworks */,
				4B76DD3C2C29B933000D9C9B /* Resources */,
			);
			buildRules = (
			);
			dependencies = (
				4B76DD402C29B933000D9C9B /* PBXTargetDependency */,
			);
			name = "swiftui-mesh-gradient-editorUITests";
			productName = "swiftui-mesh-gradient-editorUITests";
			productReference = 4B76DD3E2C29B933000D9C9B /* swiftui-mesh-gradient-editorUITests.xctest */;
			productType = "com.apple.product-type.bundle.ui-testing";
		};
/* End PBXNativeTarget section */

/* Begin PBXProject section */
		4B76DD1C2C29B931000D9C9B /* Project object */ = {
			isa = PBXProject;
			attributes = {
				BuildIndependentTargetsInParallel = 1;
				LastSwiftUpdateCheck = 1600;
				LastUpgradeCheck = 1600;
				TargetAttributes = {
					4B76DD232C29B931000D9C9B = {
						CreatedOnToolsVersion = 16.0;
					};
					4B76DD332C29B933000D9C9B = {
						CreatedOnToolsVersion = 16.0;
						TestTargetID = 4B76DD232C29B931000D9C9B;
					};
					4B76DD3D2C29B933000D9C9B = {
						CreatedOnToolsVersion = 16.0;
						TestTargetID = 4B76DD232C29B931000D9C9B;
					};
				};
			};
			buildConfigurationList = 4B76DD1F2C29B931000D9C9B /* Build configuration list for PBXProject "swiftui-mesh-gradient-editor" */;
			compatibilityVersion = "Xcode 15.0";
			developmentRegion = en;
			hasScannedForEncodings = 0;
			knownRegions = (
				en,
				Base,
			);
			mainGroup = 4B76DD1B2C29B931000D9C9B;
			packageReferences = (
				4B7556482C29D5EA00BAE143 /* XCRemoteSwiftPackageReference "swiftui-support" */,
			);
			productRefGroup = 4B76DD252C29B931000D9C9B /* Products */;
			projectDirPath = "";
			projectRoot = "";
			targets = (
				4B76DD232C29B931000D9C9B /* swiftui-mesh-gradient-editor */,
				4B76DD332C29B933000D9C9B /* swiftui-mesh-gradient-editorTests */,
				4B76DD3D2C29B933000D9C9B /* swiftui-mesh-gradient-editorUITests */,
			);
		};
/* End PBXProject section */

/* Begin PBXResourcesBuildPhase section */
		4B76DD222C29B931000D9C9B /* Resources */ = {
			isa = PBXResourcesBuildPhase;
			buildActionMask = 2147483647;
			files = (
				4B76DD2F2C29B933000D9C9B /* Preview Assets.xcassets in Resources */,
				4B76DD2C2C29B933000D9C9B /* Assets.xcassets in Resources */,
			);
			runOnlyForDeploymentPostprocessing = 0;
		};
		4B76DD322C29B933000D9C9B /* Resources */ = {
			isa = PBXResourcesBuildPhase;
			buildActionMask = 2147483647;
			files = (
			);
			runOnlyForDeploymentPostprocessing = 0;
		};
		4B76DD3C2C29B933000D9C9B /* Resources */ = {
			isa = PBXResourcesBuildPhase;
			buildActionMask = 2147483647;
			files = (
			);
			runOnlyForDeploymentPostprocessing = 0;
		};
/* End PBXResourcesBuildPhase section */

/* Begin PBXSourcesBuildPhase section */
		4B76DD202C29B931000D9C9B /* Sources */ = {
			isa = PBXSourcesBuildPhase;
			buildActionMask = 2147483647;
			files = (
				4B7556472C29D5A500BAE143 /* MeshGradientEditor.swift in Sources */,
				4B76DD2A2C29B931000D9C9B /* ContentView.swift in Sources */,
				4B76DD282C29B931000D9C9B /* swiftui_mesh_gradient_editorApp.swift in Sources */,
			);
			runOnlyForDeploymentPostprocessing = 0;
		};
		4B76DD302C29B933000D9C9B /* Sources */ = {
			isa = PBXSourcesBuildPhase;
			buildActionMask = 2147483647;
			files = (
				4B76DD392C29B933000D9C9B /* swiftui_mesh_gradient_editorTests.swift in Sources */,
			);
			runOnlyForDeploymentPostprocessing = 0;
		};
		4B76DD3A2C29B933000D9C9B /* Sources */ = {
			isa = PBXSourcesBuildPhase;
			buildActionMask = 2147483647;
			files = (
				4B76DD452C29B933000D9C9B /* swiftui_mesh_gradient_editorUITestsLaunchTests.swift in Sources */,
				4B76DD432C29B933000D9C9B /* swiftui_mesh_gradient_editorUITests.swift in Sources */,
			);
			runOnlyForDeploymentPostprocessing = 0;
		};
/* End PBXSourcesBuildPhase section */

/* Begin PBXTargetDependency section */
		4B76DD362C29B933000D9C9B /* PBXTargetDependency */ = {
			isa = PBXTargetDependency;
			target = 4B76DD232C29B931000D9C9B /* swiftui-mesh-gradient-editor */;
			targetProxy = 4B76DD352C29B933000D9C9B /* PBXContainerItemProxy */;
		};
		4B76DD402C29B933000D9C9B /* PBXTargetDependency */ = {
			isa = PBXTargetDependency;
			target = 4B76DD232C29B931000D9C9B /* swiftui-mesh-gradient-editor */;
			targetProxy = 4B76DD3F2C29B933000D9C9B /* PBXContainerItemProxy */;
		};
/* End PBXTargetDependency section */

/* Begin XCBuildConfiguration section */
		4B76DD462C29B933000D9C9B /* Debug */ = {
			isa = XCBuildConfiguration;
			buildSettings = {
				ALWAYS_SEARCH_USER_PATHS = NO;
				ASSETCATALOG_COMPILER_GENERATE_SWIFT_ASSET_SYMBOL_EXTENSIONS = YES;
				CLANG_ANALYZER_NONNULL = YES;
				CLANG_ANALYZER_NUMBER_OBJECT_CONVERSION = YES_AGGRESSIVE;
				CLANG_CXX_LANGUAGE_STANDARD = "gnu++20";
				CLANG_ENABLE_MODULES = YES;
				CLANG_ENABLE_OBJC_ARC = YES;
				CLANG_ENABLE_OBJC_WEAK = YES;
				CLANG_WARN_BLOCK_CAPTURE_AUTORELEASING = YES;
				CLANG_WARN_BOOL_CONVERSION = YES;
				CLANG_WARN_COMMA = YES;
				CLANG_WARN_CONSTANT_CONVERSION = YES;
				CLANG_WARN_DEPRECATED_OBJC_IMPLEMENTATIONS = YES;
				CLANG_WARN_DIRECT_OBJC_ISA_USAGE = YES_ERROR;
				CLANG_WARN_DOCUMENTATION_COMMENTS = YES;
				CLANG_WARN_EMPTY_BODY = YES;
				CLANG_WARN_ENUM_CONVERSION = YES;
				CLANG_WARN_INFINITE_RECURSION = YES;
				CLANG_WARN_INT_CONVERSION = YES;
				CLANG_WARN_NON_LITERAL_NULL_CONVERSION = YES;
				CLANG_WARN_OBJC_IMPLICIT_RETAIN_SELF = YES;
				CLANG_WARN_OBJC_LITERAL_CONVERSION = YES;
				CLANG_WARN_OBJC_ROOT_CLASS = YES_ERROR;
				CLANG_WARN_QUOTED_INCLUDE_IN_FRAMEWORK_HEADER = YES;
				CLANG_WARN_RANGE_LOOP_ANALYSIS = YES;
				CLANG_WARN_STRICT_PROTOTYPES = YES;
				CLANG_WARN_SUSPICIOUS_MOVE = YES;
				CLANG_WARN_UNGUARDED_AVAILABILITY = YES_AGGRESSIVE;
				CLANG_WARN_UNREACHABLE_CODE = YES;
				CLANG_WARN__DUPLICATE_METHOD_MATCH = YES;
				COPY_PHASE_STRIP = NO;
				DEBUG_INFORMATION_FORMAT = dwarf;
				ENABLE_STRICT_OBJC_MSGSEND = YES;
				ENABLE_TESTABILITY = YES;
				ENABLE_USER_SCRIPT_SANDBOXING = YES;
				GCC_C_LANGUAGE_STANDARD = gnu17;
				GCC_DYNAMIC_NO_PIC = NO;
				GCC_NO_COMMON_BLOCKS = YES;
				GCC_OPTIMIZATION_LEVEL = 0;
				GCC_PREPROCESSOR_DEFINITIONS = (
					"DEBUG=1",
					"$(inherited)",
				);
				GCC_WARN_64_TO_32_BIT_CONVERSION = YES;
				GCC_WARN_ABOUT_RETURN_TYPE = YES_ERROR;
				GCC_WARN_UNDECLARED_SELECTOR = YES;
				GCC_WARN_UNINITIALIZED_AUTOS = YES_AGGRESSIVE;
				GCC_WARN_UNUSED_FUNCTION = YES;
				GCC_WARN_UNUSED_VARIABLE = YES;
				IPHONEOS_DEPLOYMENT_TARGET = 18.0;
				LOCALIZATION_PREFERS_STRING_CATALOGS = YES;
				MTL_ENABLE_DEBUG_INFO = INCLUDE_SOURCE;
				MTL_FAST_MATH = YES;
				ONLY_ACTIVE_ARCH = YES;
				SDKROOT = iphoneos;
				SWIFT_ACTIVE_COMPILATION_CONDITIONS = "DEBUG $(inherited)";
				SWIFT_OPTIMIZATION_LEVEL = "-Onone";
			};
			name = Debug;
		};
		4B76DD472C29B933000D9C9B /* Release */ = {
			isa = XCBuildConfiguration;
			buildSettings = {
				ALWAYS_SEARCH_USER_PATHS = NO;
				ASSETCATALOG_COMPILER_GENERATE_SWIFT_ASSET_SYMBOL_EXTENSIONS = YES;
				CLANG_ANALYZER_NONNULL = YES;
				CLANG_ANALYZER_NUMBER_OBJECT_CONVERSION = YES_AGGRESSIVE;
				CLANG_CXX_LANGUAGE_STANDARD = "gnu++20";
				CLANG_ENABLE_MODULES = YES;
				CLANG_ENABLE_OBJC_ARC = YES;
				CLANG_ENABLE_OBJC_WEAK = YES;
				CLANG_WARN_BLOCK_CAPTURE_AUTORELEASING = YES;
				CLANG_WARN_BOOL_CONVERSION = YES;
				CLANG_WARN_COMMA = YES;
				CLANG_WARN_CONSTANT_CONVERSION = YES;
				CLANG_WARN_DEPRECATED_OBJC_IMPLEMENTATIONS = YES;
				CLANG_WARN_DIRECT_OBJC_ISA_USAGE = YES_ERROR;
				CLANG_WARN_DOCUMENTATION_COMMENTS = YES;
				CLANG_WARN_EMPTY_BODY = YES;
				CLANG_WARN_ENUM_CONVERSION = YES;
				CLANG_WARN_INFINITE_RECURSION = YES;
				CLANG_WARN_INT_CONVERSION = YES;
				CLANG_WARN_NON_LITERAL_NULL_CONVERSION = YES;
				CLANG_WARN_OBJC_IMPLICIT_RETAIN_SELF = YES;
				CLANG_WARN_OBJC_LITERAL_CONVERSION = YES;
				CLANG_WARN_OBJC_ROOT_CLASS = YES_ERROR;
				CLANG_WARN_QUOTED_INCLUDE_IN_FRAMEWORK_HEADER = YES;
				CLANG_WARN_RANGE_LOOP_ANALYSIS = YES;
				CLANG_WARN_STRICT_PROTOTYPES = YES;
				CLANG_WARN_SUSPICIOUS_MOVE = YES;
				CLANG_WARN_UNGUARDED_AVAILABILITY = YES_AGGRESSIVE;
				CLANG_WARN_UNREACHABLE_CODE = YES;
				CLANG_WARN__DUPLICATE_METHOD_MATCH = YES;
				COPY_PHASE_STRIP = NO;
				DEBUG_INFORMATION_FORMAT = "dwarf-with-dsym";
				ENABLE_NS_ASSERTIONS = NO;
				ENABLE_STRICT_OBJC_MSGSEND = YES;
				ENABLE_USER_SCRIPT_SANDBOXING = YES;
				GCC_C_LANGUAGE_STANDARD = gnu17;
				GCC_NO_COMMON_BLOCKS = YES;
				GCC_WARN_64_TO_32_BIT_CONVERSION = YES;
				GCC_WARN_ABOUT_RETURN_TYPE = YES_ERROR;
				GCC_WARN_UNDECLARED_SELECTOR = YES;
				GCC_WARN_UNINITIALIZED_AUTOS = YES_AGGRESSIVE;
				GCC_WARN_UNUSED_FUNCTION = YES;
				GCC_WARN_UNUSED_VARIABLE = YES;
				IPHONEOS_DEPLOYMENT_TARGET = 18.0;
				LOCALIZATION_PREFERS_STRING_CATALOGS = YES;
				MTL_ENABLE_DEBUG_INFO = NO;
				MTL_FAST_MATH = YES;
				SDKROOT = iphoneos;
				SWIFT_COMPILATION_MODE = wholemodule;
				VALIDATE_PRODUCT = YES;
			};
			name = Release;
		};
		4B76DD492C29B933000D9C9B /* Debug */ = {
			isa = XCBuildConfiguration;
			buildSettings = {
				ASSETCATALOG_COMPILER_APPICON_NAME = AppIcon;
				ASSETCATALOG_COMPILER_GLOBAL_ACCENT_COLOR_NAME = AccentColor;
				CODE_SIGN_STYLE = Automatic;
				CURRENT_PROJECT_VERSION = 1;
				DEVELOPMENT_ASSET_PATHS = "\"swiftui-mesh-gradient-editor/Preview Content\"";
				DEVELOPMENT_TEAM = KU2QEJ9K3Z;
				ENABLE_PREVIEWS = YES;
				GENERATE_INFOPLIST_FILE = YES;
				INFOPLIST_KEY_UIApplicationSceneManifest_Generation = YES;
				INFOPLIST_KEY_UIApplicationSupportsIndirectInputEvents = YES;
				INFOPLIST_KEY_UILaunchScreen_Generation = YES;
				INFOPLIST_KEY_UISupportedInterfaceOrientations_iPad = "UIInterfaceOrientationPortrait UIInterfaceOrientationPortraitUpsideDown UIInterfaceOrientationLandscapeLeft UIInterfaceOrientationLandscapeRight";
				INFOPLIST_KEY_UISupportedInterfaceOrientations_iPhone = "UIInterfaceOrientationPortrait UIInterfaceOrientationLandscapeLeft UIInterfaceOrientationLandscapeRight";
				LD_RUNPATH_SEARCH_PATHS = (
					"$(inherited)",
					"@executable_path/Frameworks",
				);
				MARKETING_VERSION = 1.0;
				PRODUCT_BUNDLE_IDENTIFIER = "app.muukii.swiftui-mesh-gradient-editor";
				PRODUCT_NAME = "$(TARGET_NAME)";
				SWIFT_EMIT_LOC_STRINGS = YES;
				SWIFT_VERSION = 5.0;
				TARGETED_DEVICE_FAMILY = "1,2";
			};
			name = Debug;
		};
		4B76DD4A2C29B933000D9C9B /* Release */ = {
			isa = XCBuildConfiguration;
			buildSettings = {
				ASSETCATALOG_COMPILER_APPICON_NAME = AppIcon;
				ASSETCATALOG_COMPILER_GLOBAL_ACCENT_COLOR_NAME = AccentColor;
				CODE_SIGN_STYLE = Automatic;
				CURRENT_PROJECT_VERSION = 1;
				DEVELOPMENT_ASSET_PATHS = "\"swiftui-mesh-gradient-editor/Preview Content\"";
				DEVELOPMENT_TEAM = KU2QEJ9K3Z;
				ENABLE_PREVIEWS = YES;
				GENERATE_INFOPLIST_FILE = YES;
				INFOPLIST_KEY_UIApplicationSceneManifest_Generation = YES;
				INFOPLIST_KEY_UIApplicationSupportsIndirectInputEvents = YES;
				INFOPLIST_KEY_UILaunchScreen_Generation = YES;
				INFOPLIST_KEY_UISupportedInterfaceOrientations_iPad = "UIInterfaceOrientationPortrait UIInterfaceOrientationPortraitUpsideDown UIInterfaceOrientationLandscapeLeft UIInterfaceOrientationLandscapeRight";
				INFOPLIST_KEY_UISupportedInterfaceOrientations_iPhone = "UIInterfaceOrientationPortrait UIInterfaceOrientationLandscapeLeft UIInterfaceOrientationLandscapeRight";
				LD_RUNPATH_SEARCH_PATHS = (
					"$(inherited)",
					"@executable_path/Frameworks",
				);
				MARKETING_VERSION = 1.0;
				PRODUCT_BUNDLE_IDENTIFIER = "app.muukii.swiftui-mesh-gradient-editor";
				PRODUCT_NAME = "$(TARGET_NAME)";
				SWIFT_EMIT_LOC_STRINGS = YES;
				SWIFT_VERSION = 5.0;
				TARGETED_DEVICE_FAMILY = "1,2";
			};
			name = Release;
		};
		4B76DD4C2C29B933000D9C9B /* Debug */ = {
			isa = XCBuildConfiguration;
			buildSettings = {
				BUNDLE_LOADER = "$(TEST_HOST)";
				CODE_SIGN_STYLE = Automatic;
				CURRENT_PROJECT_VERSION = 1;
				GENERATE_INFOPLIST_FILE = YES;
				IPHONEOS_DEPLOYMENT_TARGET = 18.0;
				MARKETING_VERSION = 1.0;
				PRODUCT_BUNDLE_IDENTIFIER = "app.muukii.swiftui-mesh-gradient-editorTests";
				PRODUCT_NAME = "$(TARGET_NAME)";
				SWIFT_EMIT_LOC_STRINGS = NO;
				SWIFT_VERSION = 5.0;
				TARGETED_DEVICE_FAMILY = "1,2";
				TEST_HOST = "$(BUILT_PRODUCTS_DIR)/swiftui-mesh-gradient-editor.app/$(BUNDLE_EXECUTABLE_FOLDER_PATH)/swiftui-mesh-gradient-editor";
			};
			name = Debug;
		};
		4B76DD4D2C29B933000D9C9B /* Release */ = {
			isa = XCBuildConfiguration;
			buildSettings = {
				BUNDLE_LOADER = "$(TEST_HOST)";
				CODE_SIGN_STYLE = Automatic;
				CURRENT_PROJECT_VERSION = 1;
				GENERATE_INFOPLIST_FILE = YES;
				IPHONEOS_DEPLOYMENT_TARGET = 18.0;
				MARKETING_VERSION = 1.0;
				PRODUCT_BUNDLE_IDENTIFIER = "app.muukii.swiftui-mesh-gradient-editorTests";
				PRODUCT_NAME = "$(TARGET_NAME)";
				SWIFT_EMIT_LOC_STRINGS = NO;
				SWIFT_VERSION = 5.0;
				TARGETED_DEVICE_FAMILY = "1,2";
				TEST_HOST = "$(BUILT_PRODUCTS_DIR)/swiftui-mesh-gradient-editor.app/$(BUNDLE_EXECUTABLE_FOLDER_PATH)/swiftui-mesh-gradient-editor";
			};
			name = Release;
		};
		4B76DD4F2C29B933000D9C9B /* Debug */ = {
			isa = XCBuildConfiguration;
			buildSettings = {
				CODE_SIGN_STYLE = Automatic;
				CURRENT_PROJECT_VERSION = 1;
				GENERATE_INFOPLIST_FILE = YES;
				MARKETING_VERSION = 1.0;
				PRODUCT_BUNDLE_IDENTIFIER = "app.muukii.swiftui-mesh-gradient-editorUITests";
				PRODUCT_NAME = "$(TARGET_NAME)";
				SWIFT_EMIT_LOC_STRINGS = NO;
				SWIFT_VERSION = 5.0;
				TARGETED_DEVICE_FAMILY = "1,2";
				TEST_TARGET_NAME = "swiftui-mesh-gradient-editor";
			};
			name = Debug;
		};
		4B76DD502C29B933000D9C9B /* Release */ = {
			isa = XCBuildConfiguration;
			buildSettings = {
				CODE_SIGN_STYLE = Automatic;
				CURRENT_PROJECT_VERSION = 1;
				GENERATE_INFOPLIST_FILE = YES;
				MARKETING_VERSION = 1.0;
				PRODUCT_BUNDLE_IDENTIFIER = "app.muukii.swiftui-mesh-gradient-editorUITests";
				PRODUCT_NAME = "$(TARGET_NAME)";
				SWIFT_EMIT_LOC_STRINGS = NO;
				SWIFT_VERSION = 5.0;
				TARGETED_DEVICE_FAMILY = "1,2";
				TEST_TARGET_NAME = "swiftui-mesh-gradient-editor";
			};
			name = Release;
		};
/* End XCBuildConfiguration section */

/* Begin XCConfigurationList section */
		4B76DD1F2C29B931000D9C9B /* Build configuration list for PBXProject "swiftui-mesh-gradient-editor" */ = {
			isa = XCConfigurationList;
			buildConfigurations = (
				4B76DD462C29B933000D9C9B /* Debug */,
				4B76DD472C29B933000D9C9B /* Release */,
			);
			defaultConfigurationIsVisible = 0;
			defaultConfigurationName = Release;
		};
		4B76DD482C29B933000D9C9B /* Build configuration list for PBXNativeTarget "swiftui-mesh-gradient-editor" */ = {
			isa = XCConfigurationList;
			buildConfigurations = (
				4B76DD492C29B933000D9C9B /* Debug */,
				4B76DD4A2C29B933000D9C9B /* Release */,
			);
			defaultConfigurationIsVisible = 0;
			defaultConfigurationName = Release;
		};
		4B76DD4B2C29B933000D9C9B /* Build configuration list for PBXNativeTarget "swiftui-mesh-gradient-editorTests" */ = {
			isa = XCConfigurationList;
			buildConfigurations = (
				4B76DD4C2C29B933000D9C9B /* Debug */,
				4B76DD4D2C29B933000D9C9B /* Release */,
			);
			defaultConfigurationIsVisible = 0;
			defaultConfigurationName = Release;
		};
		4B76DD4E2C29B933000D9C9B /* Build configuration list for PBXNativeTarget "swiftui-mesh-gradient-editorUITests" */ = {
			isa = XCConfigurationList;
			buildConfigurations = (
				4B76DD4F2C29B933000D9C9B /* Debug */,
				4B76DD502C29B933000D9C9B /* Release */,
			);
			defaultConfigurationIsVisible = 0;
			defaultConfigurationName = Release;
		};
/* End XCConfigurationList section */

/* Begin XCRemoteSwiftPackageReference section */
		4B7556482C29D5EA00BAE143 /* XCRemoteSwiftPackageReference "swiftui-support" */ = {
			isa = XCRemoteSwiftPackageReference;
			repositoryURL = "https://github.com/FluidGroup/swiftui-support.git";
			requirement = {
				kind = upToNextMajorVersion;
				minimumVersion = 0.5.0;
			};
		};
/* End XCRemoteSwiftPackageReference section */

/* Begin XCSwiftPackageProductDependency section */
		4B75564A2C29D62400BAE143 /* SwiftUISupport */ = {
			isa = XCSwiftPackageProductDependency;
			package = 4B7556482C29D5EA00BAE143 /* XCRemoteSwiftPackageReference "swiftui-support" */;
			productName = SwiftUISupport;
		};
/* End XCSwiftPackageProductDependency section */
	};
	rootObject = 4B76DD1C2C29B931000D9C9B /* Project object */;
}
